
Microsoft Visual Studio Solution File, Format Version 12.00
# Visual Studio Version 16
VisualStudioVersion = 16.0.30804.86
MinimumVisualStudioVersion = 10.0.40219.1
Project("{9A19103F-16F7-4668-BE54-9A1E7A4F7556}") = "CodingCamp44", "CodingCamp44\CodingCamp44.csproj", "{0E08AA7F-DD48-4911-90F9-995B621FB2B6}"
EndProject
Project("{FAE04EC0-301F-11D3-BF4B-00C04F79EFBC}") = "WebMVC", "WebMVC\WebMVC.csproj", "{37B82910-41B3-4547-B68B-3860A1250779}"
EndProject
Global
	GlobalSection(SolutionConfigurationPlatforms) = preSolution
		Debug|Any CPU = Debug|Any CPU
		Release|Any CPU = Release|Any CPU
	EndGlobalSection
	GlobalSection(ProjectConfigurationPlatforms) = postSolution
		{0E08AA7F-DD48-4911-90F9-995B621FB2B6}.Debug|Any CPU.ActiveCfg = Debug|Any CPU
		{0E08AA7F-DD48-4911-90F9-995B621FB2B6}.Debug|Any CPU.Build.0 = Debug|Any CPU
		{0E08AA7F-DD48-4911-90F9-995B621FB2B6}.Release|Any CPU.ActiveCfg = Release|Any CPU
		{0E08AA7F-DD48-4911-90F9-995B621FB2B6}.Release|Any CPU.Build.0 = Release|Any CPU
		{37B82910-41B3-4547-B68B-3860A1250779}.Debug|Any CPU.ActiveCfg = Debug|Any CPU
		{37B82910-41B3-4547-B68B-3860A1250779}.Debug|Any CPU.Build.0 = Debug|Any CPU
		{37B82910-41B3-4547-B68B-3860A1250779}.Release|Any CPU.ActiveCfg = Release|Any CPU
		{37B82910-41B3-4547-B68B-3860A1250779}.Release|Any CPU.Build.0 = Release|Any CPU
	EndGlobalSection
	GlobalSection(SolutionProperties) = preSolution
		HideSolutionNode = FALSE
	EndGlobalSection
	GlobalSection(ExtensibilityGlobals) = postSolution
		SolutionGuid = {6B86AC75-06FC-49CF-9C41-CF45747C6B9B}
	EndGlobalSection
EndGlobal
